{
  "originHash" : "7c08bcbd0fbc4868f308e4828be2d5ff3b4b7ddb06772448cabf87c807dcbe27",
  "pins" : [
    {
      "identity" : "notifier",
      "kind" : "remoteSourceControl",
      "location" : "https://github.com/PedroCavaleiro/Notifier",
      "state" : {
        "revision" : "6ae07487b3544b9633abbe6c837fd9a955ac2b46",
        "version" : "1.1.0"
      }
    }
  ],
  "version" : 3
}
